
Microsoft Visual Studio Solution File, Format Version 12.00
# Visual Studio Version 17
VisualStudioVersion = 17.11.35312.102
MinimumVisualStudioVersion = 10.0.40219.1
Project("{FAE04EC0-301F-11D3-BF4B-00C04F79EFBC}") = "BAL", "BAL\BAL.csproj", "{0A214398-E640-45B5-BCE7-99A953DA9241}"
EndProject
Project("{FAE04EC0-301F-11D3-BF4B-00C04F79EFBC}") = "DAL", "DAL\DAL.csproj", "{42684132-31BB-4E0A-8832-9CD2F4EFD23E}"
EndProject
Project("{FAE04EC0-301F-11D3-BF4B-00C04F79EFBC}") = "BEPeer", "BEPeer\BEPeer.csproj", "{0227E775-A8E6-43A5-9786-77B193C49950}"
EndProject
Global
	GlobalSection(SolutionConfigurationPlatforms) = preSolution
		Debug|Any CPU = Debug|Any CPU
		Release|Any CPU = Release|Any CPU
	EndGlobalSection
	GlobalSection(ProjectConfigurationPlatforms) = postSolution
		{0A214398-E640-45B5-BCE7-99A953DA9241}.Debug|Any CPU.ActiveCfg = Debug|Any CPU
		{0A214398-E640-45B5-BCE7-99A953DA9241}.Debug|Any CPU.Build.0 = Debug|Any CPU
		{0A214398-E640-45B5-BCE7-99A953DA9241}.Release|Any CPU.ActiveCfg = Release|Any CPU
		{0A214398-E640-45B5-BCE7-99A953DA9241}.Release|Any CPU.Build.0 = Release|Any CPU
		{42684132-31BB-4E0A-8832-9CD2F4EFD23E}.Debug|Any CPU.ActiveCfg = Debug|Any CPU
		{42684132-31BB-4E0A-8832-9CD2F4EFD23E}.Debug|Any CPU.Build.0 = Debug|Any CPU
		{42684132-31BB-4E0A-8832-9CD2F4EFD23E}.Release|Any CPU.ActiveCfg = Release|Any CPU
		{42684132-31BB-4E0A-8832-9CD2F4EFD23E}.Release|Any CPU.Build.0 = Release|Any CPU
		{0227E775-A8E6-43A5-9786-77B193C49950}.Debug|Any CPU.ActiveCfg = Debug|Any CPU
		{0227E775-A8E6-43A5-9786-77B193C49950}.Debug|Any CPU.Build.0 = Debug|Any CPU
		{0227E775-A8E6-43A5-9786-77B193C49950}.Release|Any CPU.ActiveCfg = Release|Any CPU
		{0227E775-A8E6-43A5-9786-77B193C49950}.Release|Any CPU.Build.0 = Release|Any CPU
	EndGlobalSection
	GlobalSection(SolutionProperties) = preSolution
		HideSolutionNode = FALSE
	EndGlobalSection
	GlobalSection(ExtensibilityGlobals) = postSolution
		SolutionGuid = {AAEA343C-EA84-4B78-97D0-1DB171918C55}
	EndGlobalSection
EndGlobal
